// !$*UTF8*$!
{
	archiveVersion = 1;
	classes = {
	};
	objectVersion = 46;
	objects = {

/* Begin PBXBuildFile section */
		51076ED81F61C53700E52F46 /* Reachability.swift in Sources */ = {isa = PBXBuildFile; fileRef = 51076ED71F61C53700E52F46 /* Reachability.swift */; };
		5110F9B51F58944600B5B26B /* AppDelegate.swift in Sources */ = {isa = PBXBuildFile; fileRef = 5110F9B41F58944600B5B26B /* AppDelegate.swift */; };
		5110F9BD1F58944600B5B26B /* Wingman.xcdatamodeld in Sources */ = {isa = PBXBuildFile; fileRef = 5110F9BB1F58944600B5B26B /* Wingman.xcdatamodeld */; };
		5110F9BF1F58944600B5B26B /* Assets.xcassets in Resources */ = {isa = PBXBuildFile; fileRef = 5110F9BE1F58944600B5B26B /* Assets.xcassets */; };
		5110F9C21F58944600B5B26B /* LaunchScreen.storyboard in Resources */ = {isa = PBXBuildFile; fileRef = 5110F9C01F58944600B5B26B /* LaunchScreen.storyboard */; };
		5110F9CA1F58949C00B5B26B /* LoginViewController.swift in Sources */ = {isa = PBXBuildFile; fileRef = 5110F9C91F58949C00B5B26B /* LoginViewController.swift */; };
		5110F9CD1F5895B200B5B26B /* SignUpViewController.swift in Sources */ = {isa = PBXBuildFile; fileRef = 5110F9CC1F5895B200B5B26B /* SignUpViewController.swift */; };
		5110F9CF1F5898E200B5B26B /* HomeTableViewController.swift in Sources */ = {isa = PBXBuildFile; fileRef = 5110F9CE1F5898E200B5B26B /* HomeTableViewController.swift */; };
		5110F9D31F58AAFC00B5B26B /* ChatCollectionViewController.swift in Sources */ = {isa = PBXBuildFile; fileRef = 5110F9D21F58AAFC00B5B26B /* ChatCollectionViewController.swift */; };
		5110F9D51F58AB1600B5B26B /* CreateChatTableViewController.swift in Sources */ = {isa = PBXBuildFile; fileRef = 5110F9D41F58AB1600B5B26B /* CreateChatTableViewController.swift */; };
		5110F9D81F58AB3B00B5B26B /* PopUpViewController.swift in Sources */ = {isa = PBXBuildFile; fileRef = 5110F9D71F58AB3B00B5B26B /* PopUpViewController.swift */; };
		5110F9DC1F58AB6400B5B26B /* FindFriendsTableViewController.swift in Sources */ = {isa = PBXBuildFile; fileRef = 5110F9DB1F58AB6400B5B26B /* FindFriendsTableViewController.swift */; };
		5110F9DE1F58AB6E00B5B26B /* FriendListTableViewController.swift in Sources */ = {isa = PBXBuildFile; fileRef = 5110F9DD1F58AB6E00B5B26B /* FriendListTableViewController.swift */; };
		5110F9E01F58C2FD00B5B26B /* GoogleService-Info.plist in Resources */ = {isa = PBXBuildFile; fileRef = 5110F9DF1F58C2FD00B5B26B /* GoogleService-Info.plist */; };
		5110F9E81F59025D00B5B26B /* AppUser.swift in Sources */ = {isa = PBXBuildFile; fileRef = 5110F9E71F59025D00B5B26B /* AppUser.swift */; };
		51116A661F5B3B0900C38842 /* FriendTVC.swift in Sources */ = {isa = PBXBuildFile; fileRef = 51116A651F5B3B0900C38842 /* FriendTVC.swift */; };
		51116A6B1F5B404B00C38842 /* Main.storyboard in Resources */ = {isa = PBXBuildFile; fileRef = 51116A691F5B404B00C38842 /* Main.storyboard */; };
		51116A6D1F5B551D00C38842 /* NewChatUserTVC.swift in Sources */ = {isa = PBXBuildFile; fileRef = 51116A6C1F5B551D00C38842 /* NewChatUserTVC.swift */; };
		51116A6F1F5CBF5000C38842 /* ChatConfirmViewController.swift in Sources */ = {isa = PBXBuildFile; fileRef = 51116A6E1F5CBF5000C38842 /* ChatConfirmViewController.swift */; };
		518A7A951F5915C400E65A9D /* SearchUserTVC.swift in Sources */ = {isa = PBXBuildFile; fileRef = 518A7A941F5915C400E65A9D /* SearchUserTVC.swift */; };
		518A7A981F5A1E7B00E65A9D /* Extensions.swift in Sources */ = {isa = PBXBuildFile; fileRef = 518A7A971F5A1E7B00E65A9D /* Extensions.swift */; };
		518A7A9A1F5A51B600E65A9D /* Friendship.swift in Sources */ = {isa = PBXBuildFile; fileRef = 518A7A991F5A51B600E65A9D /* Friendship.swift */; };
		51930EB71F5DBF3D0080EE11 /* SettingsViewController.swift in Sources */ = {isa = PBXBuildFile; fileRef = 51930EB61F5DBF3D0080EE11 /* SettingsViewController.swift */; };
		51930EB91F5F129E0080EE11 /* Message.swift in Sources */ = {isa = PBXBuildFile; fileRef = 51930EB81F5F129E0080EE11 /* Message.swift */; };
		51930EBB1F5F13A80080EE11 /* UserCell.swift in Sources */ = {isa = PBXBuildFile; fileRef = 51930EBA1F5F13A80080EE11 /* UserCell.swift */; };
		51930EBD1F5F35840080EE11 /* ChatLogController.swift in Sources */ = {isa = PBXBuildFile; fileRef = 51930EBC1F5F35840080EE11 /* ChatLogController.swift */; };
		51930EBF1F5F38B70080EE11 /* ChatMessageCell.swift in Sources */ = {isa = PBXBuildFile; fileRef = 51930EBE1F5F38B70080EE11 /* ChatMessageCell.swift */; };
		51D33AFC1F7185DD00BD1B63 /* AddedMeTableViewController.swift in Sources */ = {isa = PBXBuildFile; fileRef = 51D33AFB1F7185DD00BD1B63 /* AddedMeTableViewController.swift */; };
		51D33AFE1F71988900BD1B63 /* AddedMeTVC.swift in Sources */ = {isa = PBXBuildFile; fileRef = 51D33AFD1F71988900BD1B63 /* AddedMeTVC.swift */; };
		62A90473C46C2FF04B7B4ACA /* Pods_Wingman.framework in Frameworks */ = {isa = PBXBuildFile; fileRef = 4D10377704FD32A30C9A611F /* Pods_Wingman.framework */; };
/* End PBXBuildFile section */

/* Begin PBXCopyFilesBuildPhase section */
		51FE9BCA1F741B0B0042E0F8 /* Embed App Extensions */ = {
			isa = PBXCopyFilesBuildPhase;
			buildActionMask = 2147483647;
			dstPath = "";
			dstSubfolderSpec = 13;
			files = (
			);
			name = "Embed App Extensions";
			runOnlyForDeploymentPostprocessing = 0;
		};
/* End PBXCopyFilesBuildPhase section */

/* Begin PBXFileReference section */
		1D3DE783D4682E1B939D21DA /* Pods-Wingman.release.xcconfig */ = {isa = PBXFileReference; includeInIndex = 1; lastKnownFileType = text.xcconfig; name = "Pods-Wingman.release.xcconfig"; path = "Pods/Target Support Files/Pods-Wingman/Pods-Wingman.release.xcconfig"; sourceTree = "<group>"; };
		4D10377704FD32A30C9A611F /* Pods_Wingman.framework */ = {isa = PBXFileReference; explicitFileType = wrapper.framework; includeInIndex = 0; path = Pods_Wingman.framework; sourceTree = BUILT_PRODUCTS_DIR; };
		51076ED71F61C53700E52F46 /* Reachability.swift */ = {isa = PBXFileReference; fileEncoding = 4; lastKnownFileType = sourcecode.swift; path = Reachability.swift; sourceTree = "<group>"; };
		5110F9B11F58944600B5B26B /* Wingman.app */ = {isa = PBXFileReference; explicitFileType = wrapper.application; includeInIndex = 0; path = Wingman.app; sourceTree = BUILT_PRODUCTS_DIR; };
		5110F9B41F58944600B5B26B /* AppDelegate.swift */ = {isa = PBXFileReference; lastKnownFileType = sourcecode.swift; path = AppDelegate.swift; sourceTree = "<group>"; };
		5110F9BC1F58944600B5B26B /* Wingman.xcdatamodel */ = {isa = PBXFileReference; lastKnownFileType = wrapper.xcdatamodel; path = Wingman.xcdatamodel; sourceTree = "<group>"; };
		5110F9BE1F58944600B5B26B /* Assets.xcassets */ = {isa = PBXFileReference; lastKnownFileType = folder.assetcatalog; path = Assets.xcassets; sourceTree = "<group>"; };
		5110F9C11F58944600B5B26B /* Base */ = {isa = PBXFileReference; lastKnownFileType = file.storyboard; name = Base; path = Base.lproj/LaunchScreen.storyboard; sourceTree = "<group>"; };
		5110F9C31F58944600B5B26B /* Info.plist */ = {isa = PBXFileReference; lastKnownFileType = text.plist.xml; path = Info.plist; sourceTree = "<group>"; };
		5110F9C91F58949C00B5B26B /* LoginViewController.swift */ = {isa = PBXFileReference; fileEncoding = 4; lastKnownFileType = sourcecode.swift; path = LoginViewController.swift; sourceTree = "<group>"; };
		5110F9CC1F5895B200B5B26B /* SignUpViewController.swift */ = {isa = PBXFileReference; fileEncoding = 4; lastKnownFileType = sourcecode.swift; path = SignUpViewController.swift; sourceTree = "<group>"; };
		5110F9CE1F5898E200B5B26B /* HomeTableViewController.swift */ = {isa = PBXFileReference; fileEncoding = 4; lastKnownFileType = sourcecode.swift; path = HomeTableViewController.swift; sourceTree = "<group>"; };
		5110F9D21F58AAFC00B5B26B /* ChatCollectionViewController.swift */ = {isa = PBXFileReference; fileEncoding = 4; lastKnownFileType = sourcecode.swift; path = ChatCollectionViewController.swift; sourceTree = "<group>"; };
		5110F9D41F58AB1600B5B26B /* CreateChatTableViewController.swift */ = {isa = PBXFileReference; fileEncoding = 4; lastKnownFileType = sourcecode.swift; path = CreateChatTableViewController.swift; sourceTree = "<group>"; };
		5110F9D71F58AB3B00B5B26B /* PopUpViewController.swift */ = {isa = PBXFileReference; fileEncoding = 4; lastKnownFileType = sourcecode.swift; path = PopUpViewController.swift; sourceTree = "<group>"; };
		5110F9DB1F58AB6400B5B26B /* FindFriendsTableViewController.swift */ = {isa = PBXFileReference; fileEncoding = 4; lastKnownFileType = sourcecode.swift; path = FindFriendsTableViewController.swift; sourceTree = "<group>"; };
		5110F9DD1F58AB6E00B5B26B /* FriendListTableViewController.swift */ = {isa = PBXFileReference; fileEncoding = 4; lastKnownFileType = sourcecode.swift; path = FriendListTableViewController.swift; sourceTree = "<group>"; };
		5110F9DF1F58C2FD00B5B26B /* GoogleService-Info.plist */ = {isa = PBXFileReference; fileEncoding = 4; lastKnownFileType = text.plist.xml; path = "GoogleService-Info.plist"; sourceTree = "<group>"; };
		5110F9E11F58CA2F00B5B26B /* Wingman.entitlements */ = {isa = PBXFileReference; lastKnownFileType = text.plist.entitlements; path = Wingman.entitlements; sourceTree = "<group>"; };
		5110F9E71F59025D00B5B26B /* AppUser.swift */ = {isa = PBXFileReference; fileEncoding = 4; lastKnownFileType = sourcecode.swift; path = AppUser.swift; sourceTree = "<group>"; };
		51116A651F5B3B0900C38842 /* FriendTVC.swift */ = {isa = PBXFileReference; fileEncoding = 4; lastKnownFileType = sourcecode.swift; path = FriendTVC.swift; sourceTree = "<group>"; };
		51116A6A1F5B404B00C38842 /* Base */ = {isa = PBXFileReference; lastKnownFileType = file.storyboard; name = Base; path = Base.lproj/Main.storyboard; sourceTree = "<group>"; };
		51116A6C1F5B551D00C38842 /* NewChatUserTVC.swift */ = {isa = PBXFileReference; fileEncoding = 4; lastKnownFileType = sourcecode.swift; path = NewChatUserTVC.swift; sourceTree = "<group>"; };
		51116A6E1F5CBF5000C38842 /* ChatConfirmViewController.swift */ = {isa = PBXFileReference; fileEncoding = 4; lastKnownFileType = sourcecode.swift; path = ChatConfirmViewController.swift; sourceTree = "<group>"; };
		518A7A941F5915C400E65A9D /* SearchUserTVC.swift */ = {isa = PBXFileReference; fileEncoding = 4; lastKnownFileType = sourcecode.swift; path = SearchUserTVC.swift; sourceTree = "<group>"; };
		518A7A971F5A1E7B00E65A9D /* Extensions.swift */ = {isa = PBXFileReference; fileEncoding = 4; lastKnownFileType = sourcecode.swift; path = Extensions.swift; sourceTree = "<group>"; };
		518A7A991F5A51B600E65A9D /* Friendship.swift */ = {isa = PBXFileReference; fileEncoding = 4; lastKnownFileType = sourcecode.swift; path = Friendship.swift; sourceTree = "<group>"; };
		51930EB61F5DBF3D0080EE11 /* SettingsViewController.swift */ = {isa = PBXFileReference; fileEncoding = 4; lastKnownFileType = sourcecode.swift; path = SettingsViewController.swift; sourceTree = "<group>"; };
		51930EB81F5F129E0080EE11 /* Message.swift */ = {isa = PBXFileReference; fileEncoding = 4; lastKnownFileType = sourcecode.swift; path = Message.swift; sourceTree = "<group>"; };
		51930EBA1F5F13A80080EE11 /* UserCell.swift */ = {isa = PBXFileReference; fileEncoding = 4; lastKnownFileType = sourcecode.swift; path = UserCell.swift; sourceTree = "<group>"; };
		51930EBC1F5F35840080EE11 /* ChatLogController.swift */ = {isa = PBXFileReference; fileEncoding = 4; lastKnownFileType = sourcecode.swift; path = ChatLogController.swift; sourceTree = "<group>"; };
		51930EBE1F5F38B70080EE11 /* ChatMessageCell.swift */ = {isa = PBXFileReference; fileEncoding = 4; lastKnownFileType = sourcecode.swift; path = ChatMessageCell.swift; sourceTree = "<group>"; };
		51D33AFB1F7185DD00BD1B63 /* AddedMeTableViewController.swift */ = {isa = PBXFileReference; fileEncoding = 4; lastKnownFileType = sourcecode.swift; path = AddedMeTableViewController.swift; sourceTree = "<group>"; };
		51D33AFD1F71988900BD1B63 /* AddedMeTVC.swift */ = {isa = PBXFileReference; fileEncoding = 4; lastKnownFileType = sourcecode.swift; path = AddedMeTVC.swift; sourceTree = "<group>"; };
		B28C4332046A891909A92A6F /* Pods-Wingman.debug.xcconfig */ = {isa = PBXFileReference; includeInIndex = 1; lastKnownFileType = text.xcconfig; name = "Pods-Wingman.debug.xcconfig"; path = "Pods/Target Support Files/Pods-Wingman/Pods-Wingman.debug.xcconfig"; sourceTree = "<group>"; };
/* End PBXFileReference section */

/* Begin PBXFrameworksBuildPhase section */
		5110F9AE1F58944600B5B26B /* Frameworks */ = {
			isa = PBXFrameworksBuildPhase;
			buildActionMask = 2147483647;
			files = (
				62A90473C46C2FF04B7B4ACA /* Pods_Wingman.framework in Frameworks */,
			);
			runOnlyForDeploymentPostprocessing = 0;
		};
/* End PBXFrameworksBuildPhase section */

/* Begin PBXGroup section */
		5110F9A81F58944600B5B26B = {
			isa = PBXGroup;
			children = (
				5110F9B31F58944600B5B26B /* Wingman */,
				5110F9B21F58944600B5B26B /* Products */,
				B18C12E7E5373E97C73CB399 /* Pods */,
				DF3E3ECF2E9F91F7A68E288E /* Frameworks */,
			);
			sourceTree = "<group>";
		};
		5110F9B21F58944600B5B26B /* Products */ = {
			isa = PBXGroup;
			children = (
				5110F9B11F58944600B5B26B /* Wingman.app */,
			);
			name = Products;
			sourceTree = "<group>";
		};
		5110F9B31F58944600B5B26B /* Wingman */ = {
			isa = PBXGroup;
			children = (
				518A7A961F5A1E6A00E65A9D /* Helpers */,
				518A7A931F5915A500E65A9D /* Views */,
				5110F9E21F58D4E500B5B26B /* Models */,
				5110F9E11F58CA2F00B5B26B /* Wingman.entitlements */,
				5110F9CB1F5894A100B5B26B /* Controllers */,
				5110F9B41F58944600B5B26B /* AppDelegate.swift */,
				5110F9BE1F58944600B5B26B /* Assets.xcassets */,
				5110F9C01F58944600B5B26B /* LaunchScreen.storyboard */,
				51116A691F5B404B00C38842 /* Main.storyboard */,
				5110F9C31F58944600B5B26B /* Info.plist */,
				5110F9DF1F58C2FD00B5B26B /* GoogleService-Info.plist */,
				5110F9BB1F58944600B5B26B /* Wingman.xcdatamodeld */,
			);
			path = Wingman;
			sourceTree = "<group>";
		};
		5110F9CB1F5894A100B5B26B /* Controllers */ = {
			isa = PBXGroup;
			children = (
				5110F9D61F58AB2800B5B26B /* User */,
				5110F9D11F58AAE200B5B26B /* Chat */,
				5110F9D01F58AAD500B5B26B /* Login */,
			);
			name = Controllers;
			sourceTree = "<group>";
		};
		5110F9D01F58AAD500B5B26B /* Login */ = {
			isa = PBXGroup;
			children = (
				5110F9C91F58949C00B5B26B /* LoginViewController.swift */,
				5110F9CC1F5895B200B5B26B /* SignUpViewController.swift */,
			);
			name = Login;
			sourceTree = "<group>";
		};
		5110F9D11F58AAE200B5B26B /* Chat */ = {
			isa = PBXGroup;
			children = (
				5110F9CE1F5898E200B5B26B /* HomeTableViewController.swift */,
				5110F9D21F58AAFC00B5B26B /* ChatCollectionViewController.swift */,
				5110F9D41F58AB1600B5B26B /* CreateChatTableViewController.swift */,
				51116A6E1F5CBF5000C38842 /* ChatConfirmViewController.swift */,
				51930EBC1F5F35840080EE11 /* ChatLogController.swift */,
			);
			name = Chat;
			sourceTree = "<group>";
		};
		5110F9D61F58AB2800B5B26B /* User */ = {
			isa = PBXGroup;
			children = (
				5110F9D71F58AB3B00B5B26B /* PopUpViewController.swift */,
				5110F9DB1F58AB6400B5B26B /* FindFriendsTableViewController.swift */,
				5110F9DD1F58AB6E00B5B26B /* FriendListTableViewController.swift */,
				51D33AFB1F7185DD00BD1B63 /* AddedMeTableViewController.swift */,
				51930EB61F5DBF3D0080EE11 /* SettingsViewController.swift */,
			);
			name = User;
			sourceTree = "<group>";
		};
		5110F9E21F58D4E500B5B26B /* Models */ = {
			isa = PBXGroup;
			children = (
				5110F9E71F59025D00B5B26B /* AppUser.swift */,
				518A7A991F5A51B600E65A9D /* Friendship.swift */,
				51930EB81F5F129E0080EE11 /* Message.swift */,
			);
			name = Models;
			sourceTree = "<group>";
		};
		518A7A931F5915A500E65A9D /* Views */ = {
			isa = PBXGroup;
			children = (
				518A7A941F5915C400E65A9D /* SearchUserTVC.swift */,
				51116A651F5B3B0900C38842 /* FriendTVC.swift */,
				51116A6C1F5B551D00C38842 /* NewChatUserTVC.swift */,
				51930EBA1F5F13A80080EE11 /* UserCell.swift */,
				51930EBE1F5F38B70080EE11 /* ChatMessageCell.swift */,
				51D33AFD1F71988900BD1B63 /* AddedMeTVC.swift */,
			);
			name = Views;
			sourceTree = "<group>";
		};
		518A7A961F5A1E6A00E65A9D /* Helpers */ = {
			isa = PBXGroup;
			children = (
				518A7A971F5A1E7B00E65A9D /* Extensions.swift */,
				51076ED71F61C53700E52F46 /* Reachability.swift */,
			);
			name = Helpers;
			sourceTree = "<group>";
		};
		B18C12E7E5373E97C73CB399 /* Pods */ = {
			isa = PBXGroup;
			children = (
				B28C4332046A891909A92A6F /* Pods-Wingman.debug.xcconfig */,
				1D3DE783D4682E1B939D21DA /* Pods-Wingman.release.xcconfig */,
			);
			name = Pods;
			sourceTree = "<group>";
		};
		DF3E3ECF2E9F91F7A68E288E /* Frameworks */ = {
			isa = PBXGroup;
			children = (
				4D10377704FD32A30C9A611F /* Pods_Wingman.framework */,
			);
			name = Frameworks;
			sourceTree = "<group>";
		};
/* End PBXGroup section */

/* Begin PBXNativeTarget section */
		5110F9B01F58944600B5B26B /* Wingman */ = {
			isa = PBXNativeTarget;
			buildConfigurationList = 5110F9C61F58944600B5B26B /* Build configuration list for PBXNativeTarget "Wingman" */;
			buildPhases = (
				7DF36D2E0513D8019DA81674 /* [CP] Check Pods Manifest.lock */,
				5110F9AD1F58944600B5B26B /* Sources */,
				5110F9AE1F58944600B5B26B /* Frameworks */,
				5110F9AF1F58944600B5B26B /* Resources */,
				A93AD421303EEA35FDDAB095 /* [CP] Embed Pods Frameworks */,
				5653743BE19231E1909C72AC /* [CP] Copy Pods Resources */,
				51FE9BCA1F741B0B0042E0F8 /* Embed App Extensions */,
			);
			buildRules = (
			);
			dependencies = (
			);
			name = Wingman;
			productName = Wingman;
			productReference = 5110F9B11F58944600B5B26B /* Wingman.app */;
			productType = "com.apple.product-type.application";
		};
/* End PBXNativeTarget section */

/* Begin PBXProject section */
		5110F9A91F58944600B5B26B /* Project object */ = {
			isa = PBXProject;
			attributes = {
				LastSwiftUpdateCheck = 0810;
				LastUpgradeCheck = 0810;
				ORGANIZATIONNAME = "Andrew Burns";
				TargetAttributes = {
					5110F9B01F58944600B5B26B = {
						CreatedOnToolsVersion = 8.1;
						DevelopmentTeam = 92VN998L5W;
						ProvisioningStyle = Automatic;
						SystemCapabilities = {
							com.apple.BackgroundModes = {
								enabled = 1;
							};
							com.apple.Keychain = {
								enabled = 1;
							};
							com.apple.Push = {
								enabled = 1;
							};
						};
					};
				};
			};
			buildConfigurationList = 5110F9AC1F58944600B5B26B /* Build configuration list for PBXProject "Wingman" */;
			compatibilityVersion = "Xcode 3.2";
			developmentRegion = English;
			hasScannedForEncodings = 0;
			knownRegions = (
				en,
				Base,
			);
			mainGroup = 5110F9A81F58944600B5B26B;
			productRefGroup = 5110F9B21F58944600B5B26B /* Products */;
			projectDirPath = "";
			projectRoot = "";
			targets = (
				5110F9B01F58944600B5B26B /* Wingman */,
			);
		};
/* End PBXProject section */

/* Begin PBXResourcesBuildPhase section */
		5110F9AF1F58944600B5B26B /* Resources */ = {
			isa = PBXResourcesBuildPhase;
			buildActionMask = 2147483647;
			files = (
				5110F9E01F58C2FD00B5B26B /* GoogleService-Info.plist in Resources */,
				5110F9C21F58944600B5B26B /* LaunchScreen.storyboard in Resources */,
				5110F9BF1F58944600B5B26B /* Assets.xcassets in Resources */,
				51116A6B1F5B404B00C38842 /* Main.storyboard in Resources */,
			);
			runOnlyForDeploymentPostprocessing = 0;
		};
/* End PBXResourcesBuildPhase section */

/* Begin PBXShellScriptBuildPhase section */
		5653743BE19231E1909C72AC /* [CP] Copy Pods Resources */ = {
			isa = PBXShellScriptBuildPhase;
			buildActionMask = 2147483647;
			files = (
			);
			inputPaths = (
			);
			name = "[CP] Copy Pods Resources";
			outputPaths = (
			);
			runOnlyForDeploymentPostprocessing = 0;
			shellPath = /bin/sh;
			shellScript = "\"${SRCROOT}/Pods/Target Support Files/Pods-Wingman/Pods-Wingman-resources.sh\"\n";
			showEnvVarsInLog = 0;
		};
		7DF36D2E0513D8019DA81674 /* [CP] Check Pods Manifest.lock */ = {
			isa = PBXShellScriptBuildPhase;
			buildActionMask = 2147483647;
			files = (
			);
			inputPaths = (
				"${PODS_PODFILE_DIR_PATH}/Podfile.lock",
				"${PODS_ROOT}/Manifest.lock",
			);
			name = "[CP] Check Pods Manifest.lock";
			outputPaths = (
				"$(DERIVED_FILE_DIR)/Pods-Wingman-checkManifestLockResult.txt",
			);
			runOnlyForDeploymentPostprocessing = 0;
			shellPath = /bin/sh;
			shellScript = "diff \"${PODS_PODFILE_DIR_PATH}/Podfile.lock\" \"${PODS_ROOT}/Manifest.lock\" > /dev/null\nif [ $? != 0 ] ; then\n    # print error to STDERR\n    echo \"error: The sandbox is not in sync with the Podfile.lock. Run 'pod install' or update your CocoaPods installation.\" >&2\n    exit 1\nfi\n# This output is used by Xcode 'outputs' to avoid re-running this script phase.\necho \"SUCCESS\" > \"${SCRIPT_OUTPUT_FILE_0}\"\n";
			showEnvVarsInLog = 0;
		};
		A93AD421303EEA35FDDAB095 /* [CP] Embed Pods Frameworks */ = {
			isa = PBXShellScriptBuildPhase;
			buildActionMask = 2147483647;
			files = (
			);
			inputPaths = (
				"${SRCROOT}/Pods/Target Support Files/Pods-Wingman/Pods-Wingman-frameworks.sh",
				"${BUILT_PRODUCTS_DIR}/GTMSessionFetcher/GTMSessionFetcher.framework",
				"${BUILT_PRODUCTS_DIR}/GoogleToolboxForMac/GoogleToolboxForMac.framework",
				"${BUILT_PRODUCTS_DIR}/IQKeyboardManagerSwift/IQKeyboardManagerSwift.framework",
				"${BUILT_PRODUCTS_DIR}/MarqueeLabel/MarqueeLabel.framework",
				"${BUILT_PRODUCTS_DIR}/NotificationBannerSwift/NotificationBannerSwift.framework",
				"${BUILT_PRODUCTS_DIR}/ReachabilitySwift/ReachabilitySwift.framework",
				"${BUILT_PRODUCTS_DIR}/SnapKit/SnapKit.framework",
				"${BUILT_PRODUCTS_DIR}/nanopb/nanopb.framework",
			);
			name = "[CP] Embed Pods Frameworks";
			outputPaths = (
				"${TARGET_BUILD_DIR}/${FRAMEWORKS_FOLDER_PATH}/GTMSessionFetcher.framework",
				"${TARGET_BUILD_DIR}/${FRAMEWORKS_FOLDER_PATH}/GoogleToolboxForMac.framework",
				"${TARGET_BUILD_DIR}/${FRAMEWORKS_FOLDER_PATH}/IQKeyboardManagerSwift.framework",
				"${TARGET_BUILD_DIR}/${FRAMEWORKS_FOLDER_PATH}/MarqueeLabel.framework",
				"${TARGET_BUILD_DIR}/${FRAMEWORKS_FOLDER_PATH}/NotificationBannerSwift.framework",
				"${TARGET_BUILD_DIR}/${FRAMEWORKS_FOLDER_PATH}/ReachabilitySwift.framework",
				"${TARGET_BUILD_DIR}/${FRAMEWORKS_FOLDER_PATH}/SnapKit.framework",
				"${TARGET_BUILD_DIR}/${FRAMEWORKS_FOLDER_PATH}/nanopb.framework",
			);
			runOnlyForDeploymentPostprocessing = 0;
			shellPath = /bin/sh;
			shellScript = "\"${SRCROOT}/Pods/Target Support Files/Pods-Wingman/Pods-Wingman-frameworks.sh\"\n";
			showEnvVarsInLog = 0;
		};
/* End PBXShellScriptBuildPhase section */

/* Begin PBXSourcesBuildPhase section */
		5110F9AD1F58944600B5B26B /* Sources */ = {
			isa = PBXSourcesBuildPhase;
			buildActionMask = 2147483647;
			files = (
				5110F9D31F58AAFC00B5B26B /* ChatCollectionViewController.swift in Sources */,
				5110F9DE1F58AB6E00B5B26B /* FriendListTableViewController.swift in Sources */,
				5110F9D51F58AB1600B5B26B /* CreateChatTableViewController.swift in Sources */,
				51930EBD1F5F35840080EE11 /* ChatLogController.swift in Sources */,
				5110F9E81F59025D00B5B26B /* AppUser.swift in Sources */,
				5110F9CA1F58949C00B5B26B /* LoginViewController.swift in Sources */,
				518A7A951F5915C400E65A9D /* SearchUserTVC.swift in Sources */,
				51930EBF1F5F38B70080EE11 /* ChatMessageCell.swift in Sources */,
				5110F9B51F58944600B5B26B /* AppDelegate.swift in Sources */,
				51930EB91F5F129E0080EE11 /* Message.swift in Sources */,
				51930EBB1F5F13A80080EE11 /* UserCell.swift in Sources */,
				51116A6F1F5CBF5000C38842 /* ChatConfirmViewController.swift in Sources */,
				5110F9DC1F58AB6400B5B26B /* FindFriendsTableViewController.swift in Sources */,
				5110F9CD1F5895B200B5B26B /* SignUpViewController.swift in Sources */,
				5110F9BD1F58944600B5B26B /* Wingman.xcdatamodeld in Sources */,
				51076ED81F61C53700E52F46 /* Reachability.swift in Sources */,
				5110F9CF1F5898E200B5B26B /* HomeTableViewController.swift in Sources */,
				5110F9D81F58AB3B00B5B26B /* PopUpViewController.swift in Sources */,
				518A7A9A1F5A51B600E65A9D /* Friendship.swift in Sources */,
				51116A6D1F5B551D00C38842 /* NewChatUserTVC.swift in Sources */,
				51D33AFC1F7185DD00BD1B63 /* AddedMeTableViewController.swift in Sources */,
				518A7A981F5A1E7B00E65A9D /* Extensions.swift in Sources */,
				51116A661F5B3B0900C38842 /* FriendTVC.swift in Sources */,
				51930EB71F5DBF3D0080EE11 /* SettingsViewController.swift in Sources */,
				51D33AFE1F71988900BD1B63 /* AddedMeTVC.swift in Sources */,
			);
			runOnlyForDeploymentPostprocessing = 0;
		};
/* End PBXSourcesBuildPhase section */

/* Begin PBXVariantGroup section */
		5110F9C01F58944600B5B26B /* LaunchScreen.storyboard */ = {
			isa = PBXVariantGroup;
			children = (
				5110F9C11F58944600B5B26B /* Base */,
			);
			name = LaunchScreen.storyboard;
			sourceTree = "<group>";
		};
		51116A691F5B404B00C38842 /* Main.storyboard */ = {
			isa = PBXVariantGroup;
			children = (
				51116A6A1F5B404B00C38842 /* Base */,
			);
			name = Main.storyboard;
			sourceTree = "<group>";
		};
/* End PBXVariantGroup section */

/* Begin XCBuildConfiguration section */
		5110F9C41F58944600B5B26B /* Debug */ = {
			isa = XCBuildConfiguration;
			buildSettings = {
				ALWAYS_SEARCH_USER_PATHS = NO;
				CLANG_ANALYZER_NONNULL = YES;
				CLANG_CXX_LANGUAGE_STANDARD = "gnu++0x";
				CLANG_CXX_LIBRARY = "libc++";
				CLANG_ENABLE_MODULES = YES;
				CLANG_ENABLE_OBJC_ARC = YES;
				CLANG_WARN_BOOL_CONVERSION = YES;
				CLANG_WARN_CONSTANT_CONVERSION = YES;
				CLANG_WARN_DIRECT_OBJC_ISA_USAGE = YES_ERROR;
				CLANG_WARN_DOCUMENTATION_COMMENTS = YES;
				CLANG_WARN_EMPTY_BODY = YES;
				CLANG_WARN_ENUM_CONVERSION = YES;
				CLANG_WARN_INFINITE_RECURSION = YES;
				CLANG_WARN_INT_CONVERSION = YES;
				CLANG_WARN_OBJC_ROOT_CLASS = YES_ERROR;
				CLANG_WARN_SUSPICIOUS_MOVES = YES;
				CLANG_WARN_UNREACHABLE_CODE = YES;
				CLANG_WARN__DUPLICATE_METHOD_MATCH = YES;
				"CODE_SIGN_IDENTITY[sdk=iphoneos*]" = "iPhone Developer";
				COPY_PHASE_STRIP = NO;
				DEBUG_INFORMATION_FORMAT = dwarf;
				ENABLE_STRICT_OBJC_MSGSEND = YES;
				ENABLE_TESTABILITY = YES;
				GCC_C_LANGUAGE_STANDARD = gnu99;
				GCC_DYNAMIC_NO_PIC = NO;
				GCC_NO_COMMON_BLOCKS = YES;
				GCC_OPTIMIZATION_LEVEL = 0;
				GCC_PREPROCESSOR_DEFINITIONS = (
					"DEBUG=1",
					"$(inherited)",
				);
				GCC_WARN_64_TO_32_BIT_CONVERSION = YES;
				GCC_WARN_ABOUT_RETURN_TYPE = YES_ERROR;
				GCC_WARN_UNDECLARED_SELECTOR = YES;
				GCC_WARN_UNINITIALIZED_AUTOS = YES_AGGRESSIVE;
				GCC_WARN_UNUSED_FUNCTION = YES;
				GCC_WARN_UNUSED_VARIABLE = YES;
				IPHONEOS_DEPLOYMENT_TARGET = 10.1;
				MTL_ENABLE_DEBUG_INFO = YES;
				ONLY_ACTIVE_ARCH = YES;
				SDKROOT = iphoneos;
				SWIFT_ACTIVE_COMPILATION_CONDITIONS = DEBUG;
				SWIFT_OPTIMIZATION_LEVEL = "-Onone";
			};
			name = Debug;
		};
		5110F9C51F58944600B5B26B /* Release */ = {
			isa = XCBuildConfiguration;
			buildSettings = {
				ALWAYS_SEARCH_USER_PATHS = NO;
				CLANG_ANALYZER_NONNULL = YES;
				CLANG_CXX_LANGUAGE_STANDARD = "gnu++0x";
				CLANG_CXX_LIBRARY = "libc++";
				CLANG_ENABLE_MODULES = YES;
				CLANG_ENABLE_OBJC_ARC = YES;
				CLANG_WARN_BOOL_CONVERSION = YES;
				CLANG_WARN_CONSTANT_CONVERSION = YES;
				CLANG_WARN_DIRECT_OBJC_ISA_USAGE = YES_ERROR;
				CLANG_WARN_DOCUMENTATION_COMMENTS = YES;
				CLANG_WARN_EMPTY_BODY = YES;
				CLANG_WARN_ENUM_CONVERSION = YES;
				CLANG_WARN_INFINITE_RECURSION = YES;
				CLANG_WARN_INT_CONVERSION = YES;
				CLANG_WARN_OBJC_ROOT_CLASS = YES_ERROR;
				CLANG_WARN_SUSPICIOUS_MOVES = YES;
				CLANG_WARN_UNREACHABLE_CODE = YES;
				CLANG_WARN__DUPLICATE_METHOD_MATCH = YES;
				"CODE_SIGN_IDENTITY[sdk=iphoneos*]" = "iPhone Developer";
				COPY_PHASE_STRIP = NO;
				DEBUG_INFORMATION_FORMAT = "dwarf-with-dsym";
				ENABLE_NS_ASSERTIONS = NO;
				ENABLE_STRICT_OBJC_MSGSEND = YES;
				GCC_C_LANGUAGE_STANDARD = gnu99;
				GCC_NO_COMMON_BLOCKS = YES;
				GCC_WARN_64_TO_32_BIT_CONVERSION = YES;
				GCC_WARN_ABOUT_RETURN_TYPE = YES_ERROR;
				GCC_WARN_UNDECLARED_SELECTOR = YES;
				GCC_WARN_UNINITIALIZED_AUTOS = YES_AGGRESSIVE;
				GCC_WARN_UNUSED_FUNCTION = YES;
				GCC_WARN_UNUSED_VARIABLE = YES;
				IPHONEOS_DEPLOYMENT_TARGET = 10.1;
				MTL_ENABLE_DEBUG_INFO = NO;
				SDKROOT = iphoneos;
				SWIFT_OPTIMIZATION_LEVEL = "-Owholemodule";
				VALIDATE_PRODUCT = YES;
			};
			name = Release;
		};
		5110F9C71F58944600B5B26B /* Debug */ = {
			isa = XCBuildConfiguration;
			baseConfigurationReference = B28C4332046A891909A92A6F /* Pods-Wingman.debug.xcconfig */;
			buildSettings = {
				ASSETCATALOG_COMPILER_APPICON_NAME = AppIcon;
				CODE_SIGN_ENTITLEMENTS = Wingman/Wingman.entitlements;
				CODE_SIGN_IDENTITY = "iPhone Distribution";
				"CODE_SIGN_IDENTITY[sdk=iphoneos*]" = "iPhone Developer";
				DEVELOPMENT_TEAM = 92VN998L5W;
				INFOPLIST_FILE = Wingman/Info.plist;
				IPHONEOS_DEPLOYMENT_TARGET = 9.0;
				LD_RUNPATH_SEARCH_PATHS = "$(inherited) @executable_path/Frameworks";
				PRODUCT_BUNDLE_IDENTIFIER = andrewiburns.Wingman;
				PRODUCT_NAME = "$(TARGET_NAME)";
				SWIFT_VERSION = 3.0;
			};
			name = Debug;
		};
		5110F9C81F58944600B5B26B /* Release */ = {
			isa = XCBuildConfiguration;
			baseConfigurationReference = 1D3DE783D4682E1B939D21DA /* Pods-Wingman.release.xcconfig */;
			buildSettings = {
				ASSETCATALOG_COMPILER_APPICON_NAME = AppIcon;
				CODE_SIGN_ENTITLEMENTS = Wingman/Wingman.entitlements;
				CODE_SIGN_IDENTITY = "iPhone Distribution";
				"CODE_SIGN_IDENTITY[sdk=iphoneos*]" = "iPhone Developer";
				DEVELOPMENT_TEAM = 92VN998L5W;
				INFOPLIST_FILE = Wingman/Info.plist;
				IPHONEOS_DEPLOYMENT_TARGET = 9.0;
				LD_RUNPATH_SEARCH_PATHS = "$(inherited) @executable_path/Frameworks";
				PRODUCT_BUNDLE_IDENTIFIER = andrewiburns.Wingman;
				PRODUCT_NAME = "$(TARGET_NAME)";
				SWIFT_VERSION = 3.0;
			};
			name = Release;
		};
/* End XCBuildConfiguration section */

/* Begin XCConfigurationList section */
		5110F9AC1F58944600B5B26B /* Build configuration list for PBXProject "Wingman" */ = {
			isa = XCConfigurationList;
			buildConfigurations = (
				5110F9C41F58944600B5B26B /* Debug */,
				5110F9C51F58944600B5B26B /* Release */,
			);
			defaultConfigurationIsVisible = 0;
			defaultConfigurationName = Release;
		};
		5110F9C61F58944600B5B26B /* Build configuration list for PBXNativeTarget "Wingman" */ = {
			isa = XCConfigurationList;
			buildConfigurations = (
				5110F9C71F58944600B5B26B /* Debug */,
				5110F9C81F58944600B5B26B /* Release */,
			);
			defaultConfigurationIsVisible = 0;
			defaultConfigurationName = Release;
		};
/* End XCConfigurationList section */

/* Begin XCVersionGroup section */
		5110F9BB1F58944600B5B26B /* Wingman.xcdatamodeld */ = {
			isa = XCVersionGroup;
			children = (
				5110F9BC1F58944600B5B26B /* Wingman.xcdatamodel */,
			);
			currentVersion = 5110F9BC1F58944600B5B26B /* Wingman.xcdatamodel */;
			path = Wingman.xcdatamodeld;
			sourceTree = "<group>";
			versionGroupType = wrapper.xcdatamodel;
		};
/* End XCVersionGroup section */
	};
	rootObject = 5110F9A91F58944600B5B26B /* Project object */;
}
