// !$*UTF8*$!
{
	archiveVersion = 1;
	classes = {
	};
	objectVersion = 46;
	objects = {

/* Begin PBXBuildFile section */
		5110F9B51F58944600B5B26B /* AppDelegate.swift in Sources */ = {isa = PBXBuildFile; fileRef = 5110F9B41F58944600B5B26B /* AppDelegate.swift */; };
		5110F9B71F58944600B5B26B /* ViewController.swift in Sources */ = {isa = PBXBuildFile; fileRef = 5110F9B61F58944600B5B26B /* ViewController.swift */; };
		5110F9BA1F58944600B5B26B /* Main.storyboard in Resources */ = {isa = PBXBuildFile; fileRef = 5110F9B81F58944600B5B26B /* Main.storyboard */; };
		5110F9BD1F58944600B5B26B /* Wingman.xcdatamodeld in Sources */ = {isa = PBXBuildFile; fileRef = 5110F9BB1F58944600B5B26B /* Wingman.xcdatamodeld */; };
		5110F9BF1F58944600B5B26B /* Assets.xcassets in Resources */ = {isa = PBXBuildFile; fileRef = 5110F9BE1F58944600B5B26B /* Assets.xcassets */; };
		5110F9C21F58944600B5B26B /* LaunchScreen.storyboard in Resources */ = {isa = PBXBuildFile; fileRef = 5110F9C01F58944600B5B26B /* LaunchScreen.storyboard */; };
/* End PBXBuildFile section */

/* Begin PBXFileReference section */
		5110F9B11F58944600B5B26B /* Wingman.app */ = {isa = PBXFileReference; explicitFileType = wrapper.application; includeInIndex = 0; path = Wingman.app; sourceTree = BUILT_PRODUCTS_DIR; };
		5110F9B41F58944600B5B26B /* AppDelegate.swift */ = {isa = PBXFileReference; lastKnownFileType = sourcecode.swift; path = AppDelegate.swift; sourceTree = "<group>"; };
		5110F9B61F58944600B5B26B /* ViewController.swift */ = {isa = PBXFileReference; lastKnownFileType = sourcecode.swift; path = ViewController.swift; sourceTree = "<group>"; };
		5110F9B91F58944600B5B26B /* Base */ = {isa = PBXFileReference; lastKnownFileType = file.storyboard; name = Base; path = Base.lproj/Main.storyboard; sourceTree = "<group>"; };
		5110F9BC1F58944600B5B26B /* Wingman.xcdatamodel */ = {isa = PBXFileReference; lastKnownFileType = wrapper.xcdatamodel; path = Wingman.xcdatamodel; sourceTree = "<group>"; };
		5110F9BE1F58944600B5B26B /* Assets.xcassets */ = {isa = PBXFileReference; lastKnownFileType = folder.assetcatalog; path = Assets.xcassets; sourceTree = "<group>"; };
		5110F9C11F58944600B5B26B /* Base */ = {isa = PBXFileReference; lastKnownFileType = file.storyboard; name = Base; path = Base.lproj/LaunchScreen.storyboard; sourceTree = "<group>"; };
		5110F9C31F58944600B5B26B /* Info.plist */ = {isa = PBXFileReference; lastKnownFileType = text.plist.xml; path = Info.plist; sourceTree = "<group>"; };
/* End PBXFileReference section */

/* Begin PBXFrameworksBuildPhase section */
		5110F9AE1F58944600B5B26B /* Frameworks */ = {
			isa = PBXFrameworksBuildPhase;
			buildActionMask = 2147483647;
			files = (
			);
			runOnlyForDeploymentPostprocessing = 0;
		};
/* End PBXFrameworksBuildPhase section */

/* Begin PBXGroup section */
		5110F9A81F58944600B5B26B = {
			isa = PBXGroup;
			children = (
				5110F9B31F58944600B5B26B /* Wingman */,
				5110F9B21F58944600B5B26B /* Products */,
			);
			sourceTree = "<group>";
		};
		5110F9B21F58944600B5B26B /* Products */ = {
			isa = PBXGroup;
			children = (
				5110F9B11F58944600B5B26B /* Wingman.app */,
			);
			name = Products;
			sourceTree = "<group>";
		};
		5110F9B31F58944600B5B26B /* Wingman */ = {
			isa = PBXGroup;
			children = (
				5110F9B41F58944600B5B26B /* AppDelegate.swift */,
				5110F9B61F58944600B5B26B /* ViewController.swift */,
				5110F9B81F58944600B5B26B /* Main.storyboard */,
				5110F9BE1F58944600B5B26B /* Assets.xcassets */,
				5110F9C01F58944600B5B26B /* LaunchScreen.storyboard */,
				5110F9C31F58944600B5B26B /* Info.plist */,
				5110F9BB1F58944600B5B26B /* Wingman.xcdatamodeld */,
			);
			path = Wingman;
			sourceTree = "<group>";
		};
/* End PBXGroup section */

/* Begin PBXNativeTarget section */
		5110F9B01F58944600B5B26B /* Wingman */ = {
			isa = PBXNativeTarget;
			buildConfigurationList = 5110F9C61F58944600B5B26B /* Build configuration list for PBXNativeTarget "Wingman" */;
			buildPhases = (
				5110F9AD1F58944600B5B26B /* Sources */,
				5110F9AE1F58944600B5B26B /* Frameworks */,
				5110F9AF1F58944600B5B26B /* Resources */,
			);
			buildRules = (
			);
			dependencies = (
			);
			name = Wingman;
			productName = Wingman;
			productReference = 5110F9B11F58944600B5B26B /* Wingman.app */;
			productType = "com.apple.product-type.application";
		};
/* End PBXNativeTarget section */

/* Begin PBXProject section */
		5110F9A91F58944600B5B26B /* Project object */ = {
			isa = PBXProject;
			attributes = {
				LastSwiftUpdateCheck = 0810;
				LastUpgradeCheck = 0810;
				ORGANIZATIONNAME = "Andrew Burns";
				TargetAttributes = {
					5110F9B01F58944600B5B26B = {
						CreatedOnToolsVersion = 8.1;
						ProvisioningStyle = Automatic;
					};
				};
			};
			buildConfigurationList = 5110F9AC1F58944600B5B26B /* Build configuration list for PBXProject "Wingman" */;
			compatibilityVersion = "Xcode 3.2";
			developmentRegion = English;
			hasScannedForEncodings = 0;
			knownRegions = (
				en,
				Base,
			);
			mainGroup = 5110F9A81F58944600B5B26B;
			productRefGroup = 5110F9B21F58944600B5B26B /* Products */;
			projectDirPath = "";
			projectRoot = "";
			targets = (
				5110F9B01F58944600B5B26B /* Wingman */,
			);
		};
/* End PBXProject section */

/* Begin PBXResourcesBuildPhase section */
		5110F9AF1F58944600B5B26B /* Resources */ = {
			isa = PBXResourcesBuildPhase;
			buildActionMask = 2147483647;
			files = (
				5110F9C21F58944600B5B26B /* LaunchScreen.storyboard in Resources */,
				5110F9BF1F58944600B5B26B /* Assets.xcassets in Resources */,
				5110F9BA1F58944600B5B26B /* Main.storyboard in Resources */,
			);
			runOnlyForDeploymentPostprocessing = 0;
		};
/* End PBXResourcesBuildPhase section */

/* Begin PBXSourcesBuildPhase section */
		5110F9AD1F58944600B5B26B /* Sources */ = {
			isa = PBXSourcesBuildPhase;
			buildActionMask = 2147483647;
			files = (
				5110F9B71F58944600B5B26B /* ViewController.swift in Sources */,
				5110F9B51F58944600B5B26B /* AppDelegate.swift in Sources */,
				5110F9BD1F58944600B5B26B /* Wingman.xcdatamodeld in Sources */,
			);
			runOnlyForDeploymentPostprocessing = 0;
		};
/* End PBXSourcesBuildPhase section */

/* Begin PBXVariantGroup section */
		5110F9B81F58944600B5B26B /* Main.storyboard */ = {
			isa = PBXVariantGroup;
			children = (
				5110F9B91F58944600B5B26B /* Base */,
			);
			name = Main.storyboard;
			sourceTree = "<group>";
		};
		5110F9C01F58944600B5B26B /* LaunchScreen.storyboard */ = {
			isa = PBXVariantGroup;
			children = (
				5110F9C11F58944600B5B26B /* Base */,
			);
			name = LaunchScreen.storyboard;
			sourceTree = "<group>";
		};
/* End PBXVariantGroup section */

/* Begin XCBuildConfiguration section */
		5110F9C41F58944600B5B26B /* Debug */ = {
			isa = XCBuildConfiguration;
			buildSettings = {
				ALWAYS_SEARCH_USER_PATHS = NO;
				CLANG_ANALYZER_NONNULL = YES;
				CLANG_CXX_LANGUAGE_STANDARD = "gnu++0x";
				CLANG_CXX_LIBRARY = "libc++";
				CLANG_ENABLE_MODULES = YES;
				CLANG_ENABLE_OBJC_ARC = YES;
				CLANG_WARN_BOOL_CONVERSION = YES;
				CLANG_WARN_CONSTANT_CONVERSION = YES;
				CLANG_WARN_DIRECT_OBJC_ISA_USAGE = YES_ERROR;
				CLANG_WARN_DOCUMENTATION_COMMENTS = YES;
				CLANG_WARN_EMPTY_BODY = YES;
				CLANG_WARN_ENUM_CONVERSION = YES;
				CLANG_WARN_INFINITE_RECURSION = YES;
				CLANG_WARN_INT_CONVERSION = YES;
				CLANG_WARN_OBJC_ROOT_CLASS = YES_ERROR;
				CLANG_WARN_SUSPICIOUS_MOVES = YES;
				CLANG_WARN_UNREACHABLE_CODE = YES;
				CLANG_WARN__DUPLICATE_METHOD_MATCH = YES;
				"CODE_SIGN_IDENTITY[sdk=iphoneos*]" = "iPhone Developer";
				COPY_PHASE_STRIP = NO;
				DEBUG_INFORMATION_FORMAT = dwarf;
				ENABLE_STRICT_OBJC_MSGSEND = YES;
				ENABLE_TESTABILITY = YES;
				GCC_C_LANGUAGE_STANDARD = gnu99;
				GCC_DYNAMIC_NO_PIC = NO;
				GCC_NO_COMMON_BLOCKS = YES;
				GCC_OPTIMIZATION_LEVEL = 0;
				GCC_PREPROCESSOR_DEFINITIONS = (
					"DEBUG=1",
					"$(inherited)",
				);
				GCC_WARN_64_TO_32_BIT_CONVERSION = YES;
				GCC_WARN_ABOUT_RETURN_TYPE = YES_ERROR;
				GCC_WARN_UNDECLARED_SELECTOR = YES;
				GCC_WARN_UNINITIALIZED_AUTOS = YES_AGGRESSIVE;
				GCC_WARN_UNUSED_FUNCTION = YES;
				GCC_WARN_UNUSED_VARIABLE = YES;
				IPHONEOS_DEPLOYMENT_TARGET = 10.1;
				MTL_ENABLE_DEBUG_INFO = YES;
				ONLY_ACTIVE_ARCH = YES;
				SDKROOT = iphoneos;
				SWIFT_ACTIVE_COMPILATION_CONDITIONS = DEBUG;
				SWIFT_OPTIMIZATION_LEVEL = "-Onone";
			};
			name = Debug;
		};
		5110F9C51F58944600B5B26B /* Release */ = {
			isa = XCBuildConfiguration;
			buildSettings = {
				ALWAYS_SEARCH_USER_PATHS = NO;
				CLANG_ANALYZER_NONNULL = YES;
				CLANG_CXX_LANGUAGE_STANDARD = "gnu++0x";
				CLANG_CXX_LIBRARY = "libc++";
				CLANG_ENABLE_MODULES = YES;
				CLANG_ENABLE_OBJC_ARC = YES;
				CLANG_WARN_BOOL_CONVERSION = YES;
				CLANG_WARN_CONSTANT_CONVERSION = YES;
				CLANG_WARN_DIRECT_OBJC_ISA_USAGE = YES_ERROR;
				CLANG_WARN_DOCUMENTATION_COMMENTS = YES;
				CLANG_WARN_EMPTY_BODY = YES;
				CLANG_WARN_ENUM_CONVERSION = YES;
				CLANG_WARN_INFINITE_RECURSION = YES;
				CLANG_WARN_INT_CONVERSION = YES;
				CLANG_WARN_OBJC_ROOT_CLASS = YES_ERROR;
				CLANG_WARN_SUSPICIOUS_MOVES = YES;
				CLANG_WARN_UNREACHABLE_CODE = YES;
				CLANG_WARN__DUPLICATE_METHOD_MATCH = YES;
				"CODE_SIGN_IDENTITY[sdk=iphoneos*]" = "iPhone Developer";
				COPY_PHASE_STRIP = NO;
				DEBUG_INFORMATION_FORMAT = "dwarf-with-dsym";
				ENABLE_NS_ASSERTIONS = NO;
				ENABLE_STRICT_OBJC_MSGSEND = YES;
				GCC_C_LANGUAGE_STANDARD = gnu99;
				GCC_NO_COMMON_BLOCKS = YES;
				GCC_WARN_64_TO_32_BIT_CONVERSION = YES;
				GCC_WARN_ABOUT_RETURN_TYPE = YES_ERROR;
				GCC_WARN_UNDECLARED_SELECTOR = YES;
				GCC_WARN_UNINITIALIZED_AUTOS = YES_AGGRESSIVE;
				GCC_WARN_UNUSED_FUNCTION = YES;
				GCC_WARN_UNUSED_VARIABLE = YES;
				IPHONEOS_DEPLOYMENT_TARGET = 10.1;
				MTL_ENABLE_DEBUG_INFO = NO;
				SDKROOT = iphoneos;
				SWIFT_OPTIMIZATION_LEVEL = "-Owholemodule";
				VALIDATE_PRODUCT = YES;
			};
			name = Release;
		};
		5110F9C71F58944600B5B26B /* Debug */ = {
			isa = XCBuildConfiguration;
			buildSettings = {
				ASSETCATALOG_COMPILER_APPICON_NAME = AppIcon;
				INFOPLIST_FILE = Wingman/Info.plist;
				LD_RUNPATH_SEARCH_PATHS = "$(inherited) @executable_path/Frameworks";
				PRODUCT_BUNDLE_IDENTIFIER = andrewburns.Wingman;
				PRODUCT_NAME = "$(TARGET_NAME)";
				SWIFT_VERSION = 3.0;
			};
			name = Debug;
		};
		5110F9C81F58944600B5B26B /* Release */ = {
			isa = XCBuildConfiguration;
			buildSettings = {
				ASSETCATALOG_COMPILER_APPICON_NAME = AppIcon;
				INFOPLIST_FILE = Wingman/Info.plist;
				LD_RUNPATH_SEARCH_PATHS = "$(inherited) @executable_path/Frameworks";
				PRODUCT_BUNDLE_IDENTIFIER = andrewburns.Wingman;
				PRODUCT_NAME = "$(TARGET_NAME)";
				SWIFT_VERSION = 3.0;
			};
			name = Release;
		};
/* End XCBuildConfiguration section */

/* Begin XCConfigurationList section */
		5110F9AC1F58944600B5B26B /* Build configuration list for PBXProject "Wingman" */ = {
			isa = XCConfigurationList;
			buildConfigurations = (
				5110F9C41F58944600B5B26B /* Debug */,
				5110F9C51F58944600B5B26B /* Release */,
			);
			defaultConfigurationIsVisible = 0;
			defaultConfigurationName = Release;
		};
		5110F9C61F58944600B5B26B /* Build configuration list for PBXNativeTarget "Wingman" */ = {
			isa = XCConfigurationList;
			buildConfigurations = (
				5110F9C71F58944600B5B26B /* Debug */,
				5110F9C81F58944600B5B26B /* Release */,
			);
			defaultConfigurationIsVisible = 0;
		};
/* End XCConfigurationList section */

/* Begin XCVersionGroup section */
		5110F9BB1F58944600B5B26B /* Wingman.xcdatamodeld */ = {
			isa = XCVersionGroup;
			children = (
				5110F9BC1F58944600B5B26B /* Wingman.xcdatamodel */,
			);
			currentVersion = 5110F9BC1F58944600B5B26B /* Wingman.xcdatamodel */;
			path = Wingman.xcdatamodeld;
			sourceTree = "<group>";
			versionGroupType = wrapper.xcdatamodel;
		};
/* End XCVersionGroup section */
	};
	rootObject = 5110F9A91F58944600B5B26B /* Project object */;
}
